schema: '2.0'
stages:
  data_ingestion:
    cmd: python src/data/data_ingestion.py
    deps:
    - path: src/data/data_ingestion.py
      hash: md5
      md5: 872c276e35820855de3a6aec99921bf7
      size: 3310
    params:
      params.yaml:
        data_ingestion.test_size: 0.3
    outs:
    - path: data/raw
      hash: md5
      md5: 3b1dad6f82632c98b34622e49f608476.dir
      size: 649243
      nfiles: 2
  data_preprocessing:
    cmd: python src/data/data_preprocessing.py
    deps:
    - path: data/raw
      hash: md5
      md5: 3b1dad6f82632c98b34622e49f608476.dir
      size: 649243
      nfiles: 2
    - path: src/data/data_preprocessing.py
      hash: md5
      md5: c86fdf71eb55cab5c4fbf6882d18091b
      size: 2826
    outs:
    - path: data/interim
      hash: md5
      md5: 4136aee7d8dd0bac648c2d408da12951.dir
      size: 401173
      nfiles: 2
  feature_engineering:
    cmd: python src/features/feature_engineering.py
    deps:
    - path: data/interim
      hash: md5
      md5: 4136aee7d8dd0bac648c2d408da12951.dir
      size: 401173
      nfiles: 2
    - path: src/features/feature_engineering.py
      hash: md5
      md5: f65dccc225cd247650cdbabad52b61f4
      size: 3427
    params:
      params.yaml:
        feature_engineering.max_features: 60
    outs:
    - path: data/processed
      hash: md5
      md5: e1513b1a9f180e2f33340a4adcc0f31a.dir
      size: 61943
      nfiles: 2
    - path: models/vectorizer.pkl
      hash: md5
      md5: 4cd1b94035111dca11a0bc49c643cbcd
      size: 1893
  model_building:
    cmd: python src/model/model_building.py
    deps:
    - path: data/processed
      hash: md5
      md5: e1513b1a9f180e2f33340a4adcc0f31a.dir
      size: 61943
      nfiles: 2
    - path: src/model/model_building.py
      hash: md5
      md5: a41d470ad5e2503dd6b59f056f78b533
      size: 1802
    outs:
    - path: models/model.pkl
      hash: md5
      md5: 1d323e8a1fd0accb0841d70aebf540a8
      size: 1194
  model_evaluation:
    cmd: python src/model/model_evaluation.py
    deps:
    - path: models/model.pkl
      hash: md5
      md5: 1d323e8a1fd0accb0841d70aebf540a8
      size: 1194
    - path: src/model/model_evaluation.py
      hash: md5
      md5: 8f4258c8d4113656e065bc5da0c8f484
      size: 5394
    outs:
    - path: reports/experiment_info.json
      hash: md5
      md5: 5e19d9cb5cede11c5e5e78bbca24d34c
      size: 82
    - path: reports/metrics.json
      hash: md5
      md5: adf9055b315e53c8f09a973e3fb01342
      size: 145
  model_registration:
    cmd: python src/model/register_model.py
    deps:
    - path: reports/experiment_info.json
      hash: md5
      md5: 5e19d9cb5cede11c5e5e78bbca24d34c
      size: 82
    - path: src/model/register_model.py
      hash: md5
      md5: b46cf252f7e5d8ba0f2e5640f2177ff1
      size: 3037
